Microsoft Visual Studio Solution File, Format Version 12.00
# Visual Studio Version 17
VisualStudioVersion = 17.5.2.0
MinimumVisualStudioVersion = 10.0.40219.1
Project("{FAE04EC0-301F-11D3-BF4B-00C04F79EFBC}") = "recursive_4", "recursive_4.csproj", "{9EDCB475-56D1-FC8E-A896-6540A4257CA8}"
EndProject
Global
	GlobalSection(SolutionConfigurationPlatforms) = preSolution
		Debug|Any CPU = Debug|Any CPU
		Release|Any CPU = Release|Any CPU
	EndGlobalSection
	GlobalSection(ProjectConfigurationPlatforms) = postSolution
		{9EDCB475-56D1-FC8E-A896-6540A4257CA8}.Debug|Any CPU.ActiveCfg = Debug|Any CPU
		{9EDCB475-56D1-FC8E-A896-6540A4257CA8}.Debug|Any CPU.Build.0 = Debug|Any CPU
		{9EDCB475-56D1-FC8E-A896-6540A4257CA8}.Release|Any CPU.ActiveCfg = Release|Any CPU
		{9EDCB475-56D1-FC8E-A896-6540A4257CA8}.Release|Any CPU.Build.0 = Release|Any CPU
	EndGlobalSection
	GlobalSection(SolutionProperties) = preSolution
		HideSolutionNode = FALSE
	EndGlobalSection
	GlobalSection(ExtensibilityGlobals) = postSolution
		SolutionGuid = {8351BFAC-41DB-4781-B267-896889C7C932}
	EndGlobalSection
EndGlobal
