Microsoft Visual Studio Solution File, Format Version 12.00
# Visual Studio Version 17
VisualStudioVersion = 17.5.2.0
MinimumVisualStudioVersion = 10.0.40219.1
Project("{FAE04EC0-301F-11D3-BF4B-00C04F79EFBC}") = "searchAlgorithm", "searchAlgorithm.csproj", "{1075F07E-1449-31E8-A6FD-B6C91CE1BB29}"
EndProject
Global
	GlobalSection(SolutionConfigurationPlatforms) = preSolution
		Debug|Any CPU = Debug|Any CPU
		Release|Any CPU = Release|Any CPU
	EndGlobalSection
	GlobalSection(ProjectConfigurationPlatforms) = postSolution
		{1075F07E-1449-31E8-A6FD-B6C91CE1BB29}.Debug|Any CPU.ActiveCfg = Debug|Any CPU
		{1075F07E-1449-31E8-A6FD-B6C91CE1BB29}.Debug|Any CPU.Build.0 = Debug|Any CPU
		{1075F07E-1449-31E8-A6FD-B6C91CE1BB29}.Release|Any CPU.ActiveCfg = Release|Any CPU
		{1075F07E-1449-31E8-A6FD-B6C91CE1BB29}.Release|Any CPU.Build.0 = Release|Any CPU
	EndGlobalSection
	GlobalSection(SolutionProperties) = preSolution
		HideSolutionNode = FALSE
	EndGlobalSection
	GlobalSection(ExtensibilityGlobals) = postSolution
		SolutionGuid = {4CA55835-C894-46F7-A568-1BC41F65C873}
	EndGlobalSection
EndGlobal
