Microsoft Visual Studio Solution File, Format Version 12.00
# Visual Studio Version 17
VisualStudioVersion = 17.5.2.0
MinimumVisualStudioVersion = 10.0.40219.1
Project("{FAE04EC0-301F-11D3-BF4B-00C04F79EFBC}") = "Trees2", "Trees2.csproj", "{F3F079B2-A175-94C3-90AB-58B9FC6FD24F}"
EndProject
Global
	GlobalSection(SolutionConfigurationPlatforms) = preSolution
		Debug|Any CPU = Debug|Any CPU
		Release|Any CPU = Release|Any CPU
	EndGlobalSection
	GlobalSection(ProjectConfigurationPlatforms) = postSolution
		{F3F079B2-A175-94C3-90AB-58B9FC6FD24F}.Debug|Any CPU.ActiveCfg = Debug|Any CPU
		{F3F079B2-A175-94C3-90AB-58B9FC6FD24F}.Debug|Any CPU.Build.0 = Debug|Any CPU
		{F3F079B2-A175-94C3-90AB-58B9FC6FD24F}.Release|Any CPU.ActiveCfg = Release|Any CPU
		{F3F079B2-A175-94C3-90AB-58B9FC6FD24F}.Release|Any CPU.Build.0 = Release|Any CPU
	EndGlobalSection
	GlobalSection(SolutionProperties) = preSolution
		HideSolutionNode = FALSE
	EndGlobalSection
	GlobalSection(ExtensibilityGlobals) = postSolution
		SolutionGuid = {CF18E745-7CFC-4675-9004-0CF00CDA651F}
	EndGlobalSection
EndGlobal
