Microsoft Visual Studio Solution File, Format Version 12.00
# Visual Studio Version 17
VisualStudioVersion = 17.5.2.0
MinimumVisualStudioVersion = 10.0.40219.1
Project("{FAE04EC0-301F-11D3-BF4B-00C04F79EFBC}") = "BuscaLinearSentinela", "BuscaLinearSentinela.csproj", "{500E0467-5EF3-4113-CB79-E0341A9B4687}"
EndProject
Global
	GlobalSection(SolutionConfigurationPlatforms) = preSolution
		Debug|Any CPU = Debug|Any CPU
		Release|Any CPU = Release|Any CPU
	EndGlobalSection
	GlobalSection(ProjectConfigurationPlatforms) = postSolution
		{500E0467-5EF3-4113-CB79-E0341A9B4687}.Debug|Any CPU.ActiveCfg = Debug|Any CPU
		{500E0467-5EF3-4113-CB79-E0341A9B4687}.Debug|Any CPU.Build.0 = Debug|Any CPU
		{500E0467-5EF3-4113-CB79-E0341A9B4687}.Release|Any CPU.ActiveCfg = Release|Any CPU
		{500E0467-5EF3-4113-CB79-E0341A9B4687}.Release|Any CPU.Build.0 = Release|Any CPU
	EndGlobalSection
	GlobalSection(SolutionProperties) = preSolution
		HideSolutionNode = FALSE
	EndGlobalSection
	GlobalSection(ExtensibilityGlobals) = postSolution
		SolutionGuid = {D454371A-CA11-4F6F-8C48-9007C2D763F4}
	EndGlobalSection
EndGlobal
